// !$*UTF8*$!
{
	archiveVersion = 1;
	classes = {
	};
	objectVersion = 77;
	objects = {

/* Begin PBXBuildFile section */
		742F635E2D79B3CF00D9C3ED /* WidgetKit.framework in Frameworks */ = {isa = PBXBuildFile; fileRef = 742F635D2D79B3CF00D9C3ED /* WidgetKit.framework */; };
		742F63602D79B3CF00D9C3ED /* SwiftUI.framework in Frameworks */ = {isa = PBXBuildFile; fileRef = 742F635F2D79B3CF00D9C3ED /* SwiftUI.framework */; };
		742F63712D79B3D000D9C3ED /* CurrExWidgetsExtension.appex in Embed Foundation Extensions */ = {isa = PBXBuildFile; fileRef = 742F635B2D79B3CF00D9C3ED /* CurrExWidgetsExtension.appex */; settings = {ATTRIBUTES = (RemoveHeadersOnCopy, ); }; };
/* End PBXBuildFile section */

/* Begin PBXContainerItemProxy section */
		742F636F2D79B3D000D9C3ED /* PBXContainerItemProxy */ = {
			isa = PBXContainerItemProxy;
			containerPortal = 746253E02D6FA6E600C6703F /* Project object */;
			proxyType = 1;
			remoteGlobalIDString = 742F635A2D79B3CF00D9C3ED;
			remoteInfo = CurrExWidgetsExtension;
		};
		746253FA2D6FA6E800C6703F /* PBXContainerItemProxy */ = {
			isa = PBXContainerItemProxy;
			containerPortal = 746253E02D6FA6E600C6703F /* Project object */;
			proxyType = 1;
			remoteGlobalIDString = 746253E72D6FA6E600C6703F;
			remoteInfo = CurrEx;
		};
		746254042D6FA6E800C6703F /* PBXContainerItemProxy */ = {
			isa = PBXContainerItemProxy;
			containerPortal = 746253E02D6FA6E600C6703F /* Project object */;
			proxyType = 1;
			remoteGlobalIDString = 746253E72D6FA6E600C6703F;
			remoteInfo = CurrEx;
		};
/* End PBXContainerItemProxy section */

/* Begin PBXCopyFilesBuildPhase section */
		742F63722D79B3D000D9C3ED /* Embed Foundation Extensions */ = {
			isa = PBXCopyFilesBuildPhase;
			buildActionMask = 2147483647;
			dstPath = "";
			dstSubfolderSpec = 13;
			files = (
				742F63712D79B3D000D9C3ED /* CurrExWidgetsExtension.appex in Embed Foundation Extensions */,
			);
			name = "Embed Foundation Extensions";
			runOnlyForDeploymentPostprocessing = 0;
		};
/* End PBXCopyFilesBuildPhase section */

/* Begin PBXFileReference section */
		742F635B2D79B3CF00D9C3ED /* CurrExWidgetsExtension.appex */ = {isa = PBXFileReference; explicitFileType = "wrapper.app-extension"; includeInIndex = 0; path = CurrExWidgetsExtension.appex; sourceTree = BUILT_PRODUCTS_DIR; };
		742F635D2D79B3CF00D9C3ED /* WidgetKit.framework */ = {isa = PBXFileReference; lastKnownFileType = wrapper.framework; name = WidgetKit.framework; path = System/Library/Frameworks/WidgetKit.framework; sourceTree = SDKROOT; };
		742F635F2D79B3CF00D9C3ED /* SwiftUI.framework */ = {isa = PBXFileReference; lastKnownFileType = wrapper.framework; name = SwiftUI.framework; path = System/Library/Frameworks/SwiftUI.framework; sourceTree = SDKROOT; };
		742F63772D79B43B00D9C3ED /* CurrExWidgetsExtension.entitlements */ = {isa = PBXFileReference; lastKnownFileType = text.plist.entitlements; path = CurrExWidgetsExtension.entitlements; sourceTree = "<group>"; };
		746253E82D6FA6E600C6703F /* CurrEx.app */ = {isa = PBXFileReference; explicitFileType = wrapper.application; includeInIndex = 0; path = CurrEx.app; sourceTree = BUILT_PRODUCTS_DIR; };
		746253F92D6FA6E800C6703F /* CurrExTests.xctest */ = {isa = PBXFileReference; explicitFileType = wrapper.cfbundle; includeInIndex = 0; path = CurrExTests.xctest; sourceTree = BUILT_PRODUCTS_DIR; };
		746254032D6FA6E800C6703F /* CurrExUITests.xctest */ = {isa = PBXFileReference; explicitFileType = wrapper.cfbundle; includeInIndex = 0; path = CurrExUITests.xctest; sourceTree = BUILT_PRODUCTS_DIR; };
/* End PBXFileReference section */

/* Begin PBXFileSystemSynchronizedBuildFileExceptionSet section */
		741FE2892D704A9000813845 /* Exceptions for "CurrEx" folder in "CurrEx" target */ = {
			isa = PBXFileSystemSynchronizedBuildFileExceptionSet;
			membershipExceptions = (
				Info.plist,
			);
			target = 746253E72D6FA6E600C6703F /* CurrEx */;
		};
		742F63762D79B3D000D9C3ED /* Exceptions for "CurrExWidgets" folder in "CurrExWidgetsExtension" target */ = {
			isa = PBXFileSystemSynchronizedBuildFileExceptionSet;
			membershipExceptions = (
				Info.plist,
			);
			target = 742F635A2D79B3CF00D9C3ED /* CurrExWidgetsExtension */;
		};
/* End PBXFileSystemSynchronizedBuildFileExceptionSet section */

/* Begin PBXFileSystemSynchronizedRootGroup section */
		742F63612D79B3CF00D9C3ED /* CurrExWidgets */ = {
			isa = PBXFileSystemSynchronizedRootGroup;
			exceptions = (
				742F63762D79B3D000D9C3ED /* Exceptions for "CurrExWidgets" folder in "CurrExWidgetsExtension" target */,
			);
			path = CurrExWidgets;
			sourceTree = "<group>";
		};
		746253EA2D6FA6E600C6703F /* CurrEx */ = {
			isa = PBXFileSystemSynchronizedRootGroup;
			exceptions = (
				741FE2892D704A9000813845 /* Exceptions for "CurrEx" folder in "CurrEx" target */,
			);
			path = CurrEx;
			sourceTree = "<group>";
		};
		746253FC2D6FA6E800C6703F /* CurrExTests */ = {
			isa = PBXFileSystemSynchronizedRootGroup;
			path = CurrExTests;
			sourceTree = "<group>";
		};
		746254062D6FA6E800C6703F /* CurrExUITests */ = {
			isa = PBXFileSystemSynchronizedRootGroup;
			path = CurrExUITests;
			sourceTree = "<group>";
		};
/* End PBXFileSystemSynchronizedRootGroup section */

/* Begin PBXFrameworksBuildPhase section */
		742F63582D79B3CF00D9C3ED /* Frameworks */ = {
			isa = PBXFrameworksBuildPhase;
			buildActionMask = 2147483647;
			files = (
				742F63602D79B3CF00D9C3ED /* SwiftUI.framework in Frameworks */,
				742F635E2D79B3CF00D9C3ED /* WidgetKit.framework in Frameworks */,
			);
			runOnlyForDeploymentPostprocessing = 0;
		};
		746253E52D6FA6E600C6703F /* Frameworks */ = {
			isa = PBXFrameworksBuildPhase;
			buildActionMask = 2147483647;
			files = (
			);
			runOnlyForDeploymentPostprocessing = 0;
		};
		746253F62D6FA6E800C6703F /* Frameworks */ = {
			isa = PBXFrameworksBuildPhase;
			buildActionMask = 2147483647;
			files = (
			);
			runOnlyForDeploymentPostprocessing = 0;
		};
		746254002D6FA6E800C6703F /* Frameworks */ = {
			isa = PBXFrameworksBuildPhase;
			buildActionMask = 2147483647;
			files = (
			);
			runOnlyForDeploymentPostprocessing = 0;
		};
/* End PBXFrameworksBuildPhase section */

/* Begin PBXGroup section */
		742F635C2D79B3CF00D9C3ED /* Frameworks */ = {
			isa = PBXGroup;
			children = (
				742F635D2D79B3CF00D9C3ED /* WidgetKit.framework */,
				742F635F2D79B3CF00D9C3ED /* SwiftUI.framework */,
			);
			name = Frameworks;
			sourceTree = "<group>";
		};
		746253DF2D6FA6E600C6703F = {
			isa = PBXGroup;
			children = (
				746253EA2D6FA6E600C6703F /* CurrEx */,
				746253FC2D6FA6E800C6703F /* CurrExTests */,
				746254062D6FA6E800C6703F /* CurrExUITests */,
				742F63612D79B3CF00D9C3ED /* CurrExWidgets */,
				742F635C2D79B3CF00D9C3ED /* Frameworks */,
				746253E92D6FA6E600C6703F /* Products */,
				742F63772D79B43B00D9C3ED /* CurrExWidgetsExtension.entitlements */,
			);
			sourceTree = "<group>";
		};
		746253E92D6FA6E600C6703F /* Products */ = {
			isa = PBXGroup;
			children = (
				746253E82D6FA6E600C6703F /* CurrEx.app */,
				746253F92D6FA6E800C6703F /* CurrExTests.xctest */,
				746254032D6FA6E800C6703F /* CurrExUITests.xctest */,
				742F635B2D79B3CF00D9C3ED /* CurrExWidgetsExtension.appex */,
			);
			name = Products;
			sourceTree = "<group>";
		};
/* End PBXGroup section */

/* Begin PBXNativeTarget section */
		742F635A2D79B3CF00D9C3ED /* CurrExWidgetsExtension */ = {
			isa = PBXNativeTarget;
			buildConfigurationList = 742F63752D79B3D000D9C3ED /* Build configuration list for PBXNativeTarget "CurrExWidgetsExtension" */;
			buildPhases = (
				742F63572D79B3CF00D9C3ED /* Sources */,
				742F63582D79B3CF00D9C3ED /* Frameworks */,
				742F63592D79B3CF00D9C3ED /* Resources */,
			);
			buildRules = (
			);
			dependencies = (
			);
			fileSystemSynchronizedGroups = (
				742F63612D79B3CF00D9C3ED /* CurrExWidgets */,
			);
			name = CurrExWidgetsExtension;
			packageProductDependencies = (
			);
			productName = CurrExWidgetsExtension;
			productReference = 742F635B2D79B3CF00D9C3ED /* CurrExWidgetsExtension.appex */;
			productType = "com.apple.product-type.app-extension";
		};
		746253E72D6FA6E600C6703F /* CurrEx */ = {
			isa = PBXNativeTarget;
			buildConfigurationList = 7462540D2D6FA6E800C6703F /* Build configuration list for PBXNativeTarget "CurrEx" */;
			buildPhases = (
				746253E42D6FA6E600C6703F /* Sources */,
				746253E52D6FA6E600C6703F /* Frameworks */,
				746253E62D6FA6E600C6703F /* Resources */,
				742F63722D79B3D000D9C3ED /* Embed Foundation Extensions */,
			);
			buildRules = (
			);
			dependencies = (
				742F63702D79B3D000D9C3ED /* PBXTargetDependency */,
			);
			fileSystemSynchronizedGroups = (
				746253EA2D6FA6E600C6703F /* CurrEx */,
			);
			name = CurrEx;
			packageProductDependencies = (
			);
			productName = CurrEx;
			productReference = 746253E82D6FA6E600C6703F /* CurrEx.app */;
			productType = "com.apple.product-type.application";
		};
		746253F82D6FA6E800C6703F /* CurrExTests */ = {
			isa = PBXNativeTarget;
			buildConfigurationList = 746254102D6FA6E800C6703F /* Build configuration list for PBXNativeTarget "CurrExTests" */;
			buildPhases = (
				746253F52D6FA6E800C6703F /* Sources */,
				746253F62D6FA6E800C6703F /* Frameworks */,
				746253F72D6FA6E800C6703F /* Resources */,
			);
			buildRules = (
			);
			dependencies = (
				746253FB2D6FA6E800C6703F /* PBXTargetDependency */,
			);
			fileSystemSynchronizedGroups = (
				746253FC2D6FA6E800C6703F /* CurrExTests */,
			);
			name = CurrExTests;
			packageProductDependencies = (
			);
			productName = CurrExTests;
			productReference = 746253F92D6FA6E800C6703F /* CurrExTests.xctest */;
			productType = "com.apple.product-type.bundle.unit-test";
		};
		746254022D6FA6E800C6703F /* CurrExUITests */ = {
			isa = PBXNativeTarget;
			buildConfigurationList = 746254132D6FA6E800C6703F /* Build configuration list for PBXNativeTarget "CurrExUITests" */;
			buildPhases = (
				746253FF2D6FA6E800C6703F /* Sources */,
				746254002D6FA6E800C6703F /* Frameworks */,
				746254012D6FA6E800C6703F /* Resources */,
			);
			buildRules = (
			);
			dependencies = (
				746254052D6FA6E800C6703F /* PBXTargetDependency */,
			);
			fileSystemSynchronizedGroups = (
				746254062D6FA6E800C6703F /* CurrExUITests */,
			);
			name = CurrExUITests;
			packageProductDependencies = (
			);
			productName = CurrExUITests;
			productReference = 746254032D6FA6E800C6703F /* CurrExUITests.xctest */;
			productType = "com.apple.product-type.bundle.ui-testing";
		};
/* End PBXNativeTarget section */

/* Begin PBXProject section */
		746253E02D6FA6E600C6703F /* Project object */ = {
			isa = PBXProject;
			attributes = {
				BuildIndependentTargetsInParallel = 1;
				LastSwiftUpdateCheck = 1620;
				LastUpgradeCheck = 1620;
				TargetAttributes = {
					742F635A2D79B3CF00D9C3ED = {
						CreatedOnToolsVersion = 16.2;
					};
					746253E72D6FA6E600C6703F = {
						CreatedOnToolsVersion = 16.2;
					};
					746253F82D6FA6E800C6703F = {
						CreatedOnToolsVersion = 16.2;
						TestTargetID = 746253E72D6FA6E600C6703F;
					};
					746254022D6FA6E800C6703F = {
						CreatedOnToolsVersion = 16.2;
						TestTargetID = 746253E72D6FA6E600C6703F;
					};
				};
			};
			buildConfigurationList = 746253E32D6FA6E600C6703F /* Build configuration list for PBXProject "CurrEx" */;
			developmentRegion = en;
			hasScannedForEncodings = 0;
			knownRegions = (
				en,
				uk,
			);
			mainGroup = 746253DF2D6FA6E600C6703F;
			minimizedProjectReferenceProxies = 1;
			preferredProjectObjectVersion = 77;
			productRefGroup = 746253E92D6FA6E600C6703F /* Products */;
			projectDirPath = "";
			projectRoot = "";
			targets = (
				746253E72D6FA6E600C6703F /* CurrEx */,
				746253F82D6FA6E800C6703F /* CurrExTests */,
				746254022D6FA6E800C6703F /* CurrExUITests */,
				742F635A2D79B3CF00D9C3ED /* CurrExWidgetsExtension */,
			);
		};
/* End PBXProject section */

/* Begin PBXResourcesBuildPhase section */
		742F63592D79B3CF00D9C3ED /* Resources */ = {
			isa = PBXResourcesBuildPhase;
			buildActionMask = 2147483647;
			files = (
			);
			runOnlyForDeploymentPostprocessing = 0;
		};
		746253E62D6FA6E600C6703F /* Resources */ = {
			isa = PBXResourcesBuildPhase;
			buildActionMask = 2147483647;
			files = (
			);
			runOnlyForDeploymentPostprocessing = 0;
		};
		746253F72D6FA6E800C6703F /* Resources */ = {
			isa = PBXResourcesBuildPhase;
			buildActionMask = 2147483647;
			files = (
			);
			runOnlyForDeploymentPostprocessing = 0;
		};
		746254012D6FA6E800C6703F /* Resources */ = {
			isa = PBXResourcesBuildPhase;
			buildActionMask = 2147483647;
			files = (
			);
			runOnlyForDeploymentPostprocessing = 0;
		};
/* End PBXResourcesBuildPhase section */

/* Begin PBXSourcesBuildPhase section */
		742F63572D79B3CF00D9C3ED /* Sources */ = {
			isa = PBXSourcesBuildPhase;
			buildActionMask = 2147483647;
			files = (
			);
			runOnlyForDeploymentPostprocessing = 0;
		};
		746253E42D6FA6E600C6703F /* Sources */ = {
			isa = PBXSourcesBuildPhase;
			buildActionMask = 2147483647;
			files = (
			);
			runOnlyForDeploymentPostprocessing = 0;
		};
		746253F52D6FA6E800C6703F /* Sources */ = {
			isa = PBXSourcesBuildPhase;
			buildActionMask = 2147483647;
			files = (
			);
			runOnlyForDeploymentPostprocessing = 0;
		};
		746253FF2D6FA6E800C6703F /* Sources */ = {
			isa = PBXSourcesBuildPhase;
			buildActionMask = 2147483647;
			files = (
			);
			runOnlyForDeploymentPostprocessing = 0;
		};
/* End PBXSourcesBuildPhase section */

/* Begin PBXTargetDependency section */
		742F63702D79B3D000D9C3ED /* PBXTargetDependency */ = {
			isa = PBXTargetDependency;
			target = 742F635A2D79B3CF00D9C3ED /* CurrExWidgetsExtension */;
			targetProxy = 742F636F2D79B3D000D9C3ED /* PBXContainerItemProxy */;
		};
		746253FB2D6FA6E800C6703F /* PBXTargetDependency */ = {
			isa = PBXTargetDependency;
			target = 746253E72D6FA6E600C6703F /* CurrEx */;
			targetProxy = 746253FA2D6FA6E800C6703F /* PBXContainerItemProxy */;
		};
		746254052D6FA6E800C6703F /* PBXTargetDependency */ = {
			isa = PBXTargetDependency;
			target = 746253E72D6FA6E600C6703F /* CurrEx */;
			targetProxy = 746254042D6FA6E800C6703F /* PBXContainerItemProxy */;
		};
/* End PBXTargetDependency section */

/* Begin XCBuildConfiguration section */
		742F63732D79B3D000D9C3ED /* Debug */ = {
			isa = XCBuildConfiguration;
			buildSettings = {
				ASSETCATALOG_COMPILER_GLOBAL_ACCENT_COLOR_NAME = AccentColor;
				ASSETCATALOG_COMPILER_WIDGET_BACKGROUND_COLOR_NAME = WidgetBackground;
				CODE_SIGN_ENTITLEMENTS = CurrExWidgetsExtension.entitlements;
				CODE_SIGN_IDENTITY = "Apple Development";
				CODE_SIGN_STYLE = Automatic;
				CURRENT_PROJECT_VERSION = 2;
				DEVELOPMENT_TEAM = A2PX8YZMXY;
				GENERATE_INFOPLIST_FILE = YES;
				INFOPLIST_FILE = CurrExWidgets/Info.plist;
				INFOPLIST_KEY_CFBundleDisplayName = CurrExWidgets;
				INFOPLIST_KEY_NSHumanReadableCopyright = "";
				IPHONEOS_DEPLOYMENT_TARGET = 18.2;
				LD_RUNPATH_SEARCH_PATHS = (
					"$(inherited)",
					"@executable_path/Frameworks",
					"@executable_path/../../Frameworks",
				);
				MARKETING_VERSION = 1.0;
				PRODUCT_BUNDLE_IDENTIFIER = com.softjourn.currex.CurrExWidgets;
				PRODUCT_NAME = "$(TARGET_NAME)";
				SKIP_INSTALL = YES;
				SWIFT_EMIT_LOC_STRINGS = YES;
				SWIFT_VERSION = 5.0;
				TARGETED_DEVICE_FAMILY = "1,2";
			};
			name = Debug;
		};
		742F63742D79B3D000D9C3ED /* Release */ = {
			isa = XCBuildConfiguration;
			buildSettings = {
				ASSETCATALOG_COMPILER_GLOBAL_ACCENT_COLOR_NAME = AccentColor;
				ASSETCATALOG_COMPILER_WIDGET_BACKGROUND_COLOR_NAME = WidgetBackground;
				CODE_SIGN_ENTITLEMENTS = CurrExWidgetsExtension.entitlements;
				CODE_SIGN_IDENTITY = "Apple Development";
				CODE_SIGN_STYLE = Automatic;
				CURRENT_PROJECT_VERSION = 2;
				DEVELOPMENT_TEAM = A2PX8YZMXY;
				GENERATE_INFOPLIST_FILE = YES;
				INFOPLIST_FILE = CurrExWidgets/Info.plist;
				INFOPLIST_KEY_CFBundleDisplayName = CurrExWidgets;
				INFOPLIST_KEY_NSHumanReadableCopyright = "";
				IPHONEOS_DEPLOYMENT_TARGET = 18.2;
				LD_RUNPATH_SEARCH_PATHS = (
					"$(inherited)",
					"@executable_path/Frameworks",
					"@executable_path/../../Frameworks",
				);
				MARKETING_VERSION = 1.0;
				PRODUCT_BUNDLE_IDENTIFIER = com.softjourn.currex.CurrExWidgets;
				PRODUCT_NAME = "$(TARGET_NAME)";
				SKIP_INSTALL = YES;
				SWIFT_EMIT_LOC_STRINGS = YES;
				SWIFT_VERSION = 5.0;
				TARGETED_DEVICE_FAMILY = "1,2";
				VALIDATE_PRODUCT = YES;
			};
			name = Release;
		};
		7462540B2D6FA6E800C6703F /* Debug */ = {
			isa = XCBuildConfiguration;
			buildSettings = {
				ALWAYS_SEARCH_USER_PATHS = NO;
				ASSETCATALOG_COMPILER_GENERATE_SWIFT_ASSET_SYMBOL_EXTENSIONS = YES;
				CLANG_ANALYZER_NONNULL = YES;
				CLANG_ANALYZER_NUMBER_OBJECT_CONVERSION = YES_AGGRESSIVE;
				CLANG_CXX_LANGUAGE_STANDARD = "gnu++20";
				CLANG_ENABLE_MODULES = YES;
				CLANG_ENABLE_OBJC_ARC = YES;
				CLANG_ENABLE_OBJC_WEAK = YES;
				CLANG_WARN_BLOCK_CAPTURE_AUTORELEASING = YES;
				CLANG_WARN_BOOL_CONVERSION = YES;
				CLANG_WARN_COMMA = YES;
				CLANG_WARN_CONSTANT_CONVERSION = YES;
				CLANG_WARN_DEPRECATED_OBJC_IMPLEMENTATIONS = YES;
				CLANG_WARN_DIRECT_OBJC_ISA_USAGE = YES_ERROR;
				CLANG_WARN_DOCUMENTATION_COMMENTS = YES;
				CLANG_WARN_EMPTY_BODY = YES;
				CLANG_WARN_ENUM_CONVERSION = YES;
				CLANG_WARN_INFINITE_RECURSION = YES;
				CLANG_WARN_INT_CONVERSION = YES;
				CLANG_WARN_NON_LITERAL_NULL_CONVERSION = YES;
				CLANG_WARN_OBJC_IMPLICIT_RETAIN_SELF = YES;
				CLANG_WARN_OBJC_LITERAL_CONVERSION = YES;
				CLANG_WARN_OBJC_ROOT_CLASS = YES_ERROR;
				CLANG_WARN_QUOTED_INCLUDE_IN_FRAMEWORK_HEADER = YES;
				CLANG_WARN_RANGE_LOOP_ANALYSIS = YES;
				CLANG_WARN_STRICT_PROTOTYPES = YES;
				CLANG_WARN_SUSPICIOUS_MOVE = YES;
				CLANG_WARN_UNGUARDED_AVAILABILITY = YES_AGGRESSIVE;
				CLANG_WARN_UNREACHABLE_CODE = YES;
				CLANG_WARN__DUPLICATE_METHOD_MATCH = YES;
				COPY_PHASE_STRIP = NO;
				DEBUG_INFORMATION_FORMAT = dwarf;
				ENABLE_STRICT_OBJC_MSGSEND = YES;
				ENABLE_TESTABILITY = YES;
				ENABLE_USER_SCRIPT_SANDBOXING = YES;
				GCC_C_LANGUAGE_STANDARD = gnu17;
				GCC_DYNAMIC_NO_PIC = NO;
				GCC_NO_COMMON_BLOCKS = YES;
				GCC_OPTIMIZATION_LEVEL = 0;
				GCC_PREPROCESSOR_DEFINITIONS = (
					"DEBUG=1",
					"$(inherited)",
				);
				GCC_WARN_64_TO_32_BIT_CONVERSION = YES;
				GCC_WARN_ABOUT_RETURN_TYPE = YES_ERROR;
				GCC_WARN_UNDECLARED_SELECTOR = YES;
				GCC_WARN_UNINITIALIZED_AUTOS = YES_AGGRESSIVE;
				GCC_WARN_UNUSED_FUNCTION = YES;
				GCC_WARN_UNUSED_VARIABLE = YES;
				LOCALIZATION_PREFERS_STRING_CATALOGS = YES;
				MTL_ENABLE_DEBUG_INFO = INCLUDE_SOURCE;
				MTL_FAST_MATH = YES;
				ONLY_ACTIVE_ARCH = YES;
				SDKROOT = iphoneos;
				SWIFT_ACTIVE_COMPILATION_CONDITIONS = "DEBUG $(inherited)";
				SWIFT_OPTIMIZATION_LEVEL = "-Onone";
			};
			name = Debug;
		};
		7462540C2D6FA6E800C6703F /* Release */ = {
			isa = XCBuildConfiguration;
			buildSettings = {
				ALWAYS_SEARCH_USER_PATHS = NO;
				ASSETCATALOG_COMPILER_GENERATE_SWIFT_ASSET_SYMBOL_EXTENSIONS = YES;
				CLANG_ANALYZER_NONNULL = YES;
				CLANG_ANALYZER_NUMBER_OBJECT_CONVERSION = YES_AGGRESSIVE;
				CLANG_CXX_LANGUAGE_STANDARD = "gnu++20";
				CLANG_ENABLE_MODULES = YES;
				CLANG_ENABLE_OBJC_ARC = YES;
				CLANG_ENABLE_OBJC_WEAK = YES;
				CLANG_WARN_BLOCK_CAPTURE_AUTORELEASING = YES;
				CLANG_WARN_BOOL_CONVERSION = YES;
				CLANG_WARN_COMMA = YES;
				CLANG_WARN_CONSTANT_CONVERSION = YES;
				CLANG_WARN_DEPRECATED_OBJC_IMPLEMENTATIONS = YES;
				CLANG_WARN_DIRECT_OBJC_ISA_USAGE = YES_ERROR;
				CLANG_WARN_DOCUMENTATION_COMMENTS = YES;
				CLANG_WARN_EMPTY_BODY = YES;
				CLANG_WARN_ENUM_CONVERSION = YES;
				CLANG_WARN_INFINITE_RECURSION = YES;
				CLANG_WARN_INT_CONVERSION = YES;
				CLANG_WARN_NON_LITERAL_NULL_CONVERSION = YES;
				CLANG_WARN_OBJC_IMPLICIT_RETAIN_SELF = YES;
				CLANG_WARN_OBJC_LITERAL_CONVERSION = YES;
				CLANG_WARN_OBJC_ROOT_CLASS = YES_ERROR;
				CLANG_WARN_QUOTED_INCLUDE_IN_FRAMEWORK_HEADER = YES;
				CLANG_WARN_RANGE_LOOP_ANALYSIS = YES;
				CLANG_WARN_STRICT_PROTOTYPES = YES;
				CLANG_WARN_SUSPICIOUS_MOVE = YES;
				CLANG_WARN_UNGUARDED_AVAILABILITY = YES_AGGRESSIVE;
				CLANG_WARN_UNREACHABLE_CODE = YES;
				CLANG_WARN__DUPLICATE_METHOD_MATCH = YES;
				COPY_PHASE_STRIP = NO;
				DEBUG_INFORMATION_FORMAT = "dwarf-with-dsym";
				ENABLE_NS_ASSERTIONS = NO;
				ENABLE_STRICT_OBJC_MSGSEND = YES;
				ENABLE_USER_SCRIPT_SANDBOXING = YES;
				GCC_C_LANGUAGE_STANDARD = gnu17;
				GCC_NO_COMMON_BLOCKS = YES;
				GCC_WARN_64_TO_32_BIT_CONVERSION = YES;
				GCC_WARN_ABOUT_RETURN_TYPE = YES_ERROR;
				GCC_WARN_UNDECLARED_SELECTOR = YES;
				GCC_WARN_UNINITIALIZED_AUTOS = YES_AGGRESSIVE;
				GCC_WARN_UNUSED_FUNCTION = YES;
				GCC_WARN_UNUSED_VARIABLE = YES;
				LOCALIZATION_PREFERS_STRING_CATALOGS = YES;
				MTL_ENABLE_DEBUG_INFO = NO;
				MTL_FAST_MATH = YES;
				SDKROOT = iphoneos;
				SWIFT_COMPILATION_MODE = wholemodule;
			};
			name = Release;
		};
		7462540E2D6FA6E800C6703F /* Debug */ = {
			isa = XCBuildConfiguration;
			baseConfigurationReferenceAnchor = 746253EA2D6FA6E600C6703F /* CurrEx */;
			baseConfigurationReferenceRelativePath = Secrets.xcconfig;
			buildSettings = {
				ASSETCATALOG_COMPILER_APPICON_NAME = AppIcon;
				ASSETCATALOG_COMPILER_GLOBAL_ACCENT_COLOR_NAME = AccentColor;
				ASSETCATALOG_COMPILER_INCLUDE_ALL_APPICON_ASSETS = YES;
				CODE_SIGN_ENTITLEMENTS = CurrEx/CurrEx.entitlements;
				CODE_SIGN_IDENTITY = "Apple Development";
				CODE_SIGN_STYLE = Automatic;
				CURRENT_PROJECT_VERSION = 2;
				DEVELOPMENT_ASSET_PATHS = "\"CurrEx/Preview Content\"";
				DEVELOPMENT_TEAM = A2PX8YZMXY;
				ENABLE_HARDENED_RUNTIME = YES;
				ENABLE_PREVIEWS = YES;
				GENERATE_INFOPLIST_FILE = YES;
				INFOPLIST_FILE = CurrEx/Info.plist;
				INFOPLIST_KEY_CFBundleDisplayName = CurrEx;
				INFOPLIST_KEY_LSApplicationCategoryType = "public.app-category.business";
				INFOPLIST_KEY_UIApplicationSceneManifest_Generation = YES;
				"INFOPLIST_KEY_UIApplicationSceneManifest_Generation[sdk=iphoneos*]" = YES;
				"INFOPLIST_KEY_UIApplicationSceneManifest_Generation[sdk=iphonesimulator*]" = YES;
				INFOPLIST_KEY_UIApplicationSupportsIndirectInputEvents = YES;
				"INFOPLIST_KEY_UIApplicationSupportsIndirectInputEvents[sdk=iphoneos*]" = YES;
				"INFOPLIST_KEY_UIApplicationSupportsIndirectInputEvents[sdk=iphonesimulator*]" = YES;
				"INFOPLIST_KEY_UILaunchScreen_Generation[sdk=iphoneos*]" = YES;
				"INFOPLIST_KEY_UILaunchScreen_Generation[sdk=iphonesimulator*]" = YES;
				INFOPLIST_KEY_UILaunchStoryboardName = La;
				INFOPLIST_KEY_UIStatusBarStyle = UIStatusBarStyleDefault;
				"INFOPLIST_KEY_UIStatusBarStyle[sdk=iphoneos*]" = UIStatusBarStyleDefault;
				"INFOPLIST_KEY_UIStatusBarStyle[sdk=iphonesimulator*]" = UIStatusBarStyleDefault;
				INFOPLIST_KEY_UISupportedInterfaceOrientations = "UIInterfaceOrientationPortrait UIInterfaceOrientationPortraitUpsideDown";
				INFOPLIST_KEY_UISupportedInterfaceOrientations_iPad = "UIInterfaceOrientationLandscapeLeft UIInterfaceOrientationLandscapeRight UIInterfaceOrientationPortrait UIInterfaceOrientationPortraitUpsideDown";
				IPHONEOS_DEPLOYMENT_TARGET = 17.6;
				LD_RUNPATH_SEARCH_PATHS = "@executable_path/Frameworks";
				"LD_RUNPATH_SEARCH_PATHS[sdk=macosx*]" = "@executable_path/../Frameworks";
				MACOSX_DEPLOYMENT_TARGET = 15.2;
				MARKETING_VERSION = 1.0;
				PRODUCT_BUNDLE_IDENTIFIER = com.softjourn.currex;
				PRODUCT_NAME = "$(TARGET_NAME)";
				PROVISIONING_PROFILE_SPECIFIER = "";
				SDKROOT = iphoneos;
				SUPPORTED_PLATFORMS = "iphoneos iphonesimulator";
				SUPPORTS_MACCATALYST = NO;
				SUPPORTS_MAC_DESIGNED_FOR_IPHONE_IPAD = NO;
				SUPPORTS_XR_DESIGNED_FOR_IPHONE_IPAD = NO;
				SWIFT_EMIT_LOC_STRINGS = YES;
				SWIFT_VERSION = 5.0;
				TARGETED_DEVICE_FAMILY = 1;
				VERSIONING_SYSTEM = "apple-generic";
				XROS_DEPLOYMENT_TARGET = 2.2;
			};
			name = Debug;
		};
		7462540F2D6FA6E800C6703F /* Release */ = {
			isa = XCBuildConfiguration;
			baseConfigurationReferenceAnchor = 746253EA2D6FA6E600C6703F /* CurrEx */;
			baseConfigurationReferenceRelativePath = Secrets.xcconfig;
			buildSettings = {
				ASSETCATALOG_COMPILER_APPICON_NAME = AppIcon;
				ASSETCATALOG_COMPILER_GLOBAL_ACCENT_COLOR_NAME = AccentColor;
				ASSETCATALOG_COMPILER_INCLUDE_ALL_APPICON_ASSETS = YES;
				CODE_SIGN_ENTITLEMENTS = CurrEx/CurrEx.entitlements;
				CODE_SIGN_IDENTITY = "Apple Development";
				CODE_SIGN_STYLE = Automatic;
				CURRENT_PROJECT_VERSION = 2;
				DEVELOPMENT_ASSET_PATHS = "\"CurrEx/Preview Content\"";
				DEVELOPMENT_TEAM = A2PX8YZMXY;
				ENABLE_HARDENED_RUNTIME = YES;
				ENABLE_PREVIEWS = YES;
				GENERATE_INFOPLIST_FILE = YES;
				INFOPLIST_FILE = CurrEx/Info.plist;
				INFOPLIST_KEY_CFBundleDisplayName = CurrEx;
				INFOPLIST_KEY_LSApplicationCategoryType = "public.app-category.business";
				INFOPLIST_KEY_UIApplicationSceneManifest_Generation = YES;
				"INFOPLIST_KEY_UIApplicationSceneManifest_Generation[sdk=iphoneos*]" = YES;
				"INFOPLIST_KEY_UIApplicationSceneManifest_Generation[sdk=iphonesimulator*]" = YES;
				INFOPLIST_KEY_UIApplicationSupportsIndirectInputEvents = YES;
				"INFOPLIST_KEY_UIApplicationSupportsIndirectInputEvents[sdk=iphoneos*]" = YES;
				"INFOPLIST_KEY_UIApplicationSupportsIndirectInputEvents[sdk=iphonesimulator*]" = YES;
				"INFOPLIST_KEY_UILaunchScreen_Generation[sdk=iphoneos*]" = YES;
				"INFOPLIST_KEY_UILaunchScreen_Generation[sdk=iphonesimulator*]" = YES;
				INFOPLIST_KEY_UILaunchStoryboardName = La;
				INFOPLIST_KEY_UIStatusBarStyle = UIStatusBarStyleDefault;
				"INFOPLIST_KEY_UIStatusBarStyle[sdk=iphoneos*]" = UIStatusBarStyleDefault;
				"INFOPLIST_KEY_UIStatusBarStyle[sdk=iphonesimulator*]" = UIStatusBarStyleDefault;
				INFOPLIST_KEY_UISupportedInterfaceOrientations = "UIInterfaceOrientationPortrait UIInterfaceOrientationPortraitUpsideDown";
				INFOPLIST_KEY_UISupportedInterfaceOrientations_iPad = "UIInterfaceOrientationLandscapeLeft UIInterfaceOrientationLandscapeRight UIInterfaceOrientationPortrait UIInterfaceOrientationPortraitUpsideDown";
				IPHONEOS_DEPLOYMENT_TARGET = 17.6;
				LD_RUNPATH_SEARCH_PATHS = "@executable_path/Frameworks";
				"LD_RUNPATH_SEARCH_PATHS[sdk=macosx*]" = "@executable_path/../Frameworks";
				MACOSX_DEPLOYMENT_TARGET = 15.2;
				MARKETING_VERSION = 1.0;
				PRODUCT_BUNDLE_IDENTIFIER = com.softjourn.currex;
				PRODUCT_NAME = "$(TARGET_NAME)";
				PROVISIONING_PROFILE_SPECIFIER = "";
				SDKROOT = iphoneos;
				SUPPORTED_PLATFORMS = "iphoneos iphonesimulator";
				SUPPORTS_MACCATALYST = NO;
				SUPPORTS_MAC_DESIGNED_FOR_IPHONE_IPAD = NO;
				SUPPORTS_XR_DESIGNED_FOR_IPHONE_IPAD = NO;
				SWIFT_EMIT_LOC_STRINGS = YES;
				SWIFT_VERSION = 5.0;
				TARGETED_DEVICE_FAMILY = 1;
				VERSIONING_SYSTEM = "apple-generic";
				XROS_DEPLOYMENT_TARGET = 2.2;
			};
			name = Release;
		};
		746254112D6FA6E800C6703F /* Debug */ = {
			isa = XCBuildConfiguration;
			buildSettings = {
				BUNDLE_LOADER = "$(TEST_HOST)";
				CODE_SIGN_STYLE = Automatic;
				CURRENT_PROJECT_VERSION = 1;
				DEVELOPMENT_TEAM = B3NZ7PKKDU;
				GENERATE_INFOPLIST_FILE = YES;
				IPHONEOS_DEPLOYMENT_TARGET = 18.2;
				MACOSX_DEPLOYMENT_TARGET = 15.2;
				MARKETING_VERSION = 1.0;
				PRODUCT_BUNDLE_IDENTIFIER = mvadim.CurrExTests;
				PRODUCT_NAME = "$(TARGET_NAME)";
				SDKROOT = auto;
				SUPPORTED_PLATFORMS = "iphoneos iphonesimulator macosx xros xrsimulator";
				SWIFT_EMIT_LOC_STRINGS = NO;
				SWIFT_VERSION = 5.0;
				TARGETED_DEVICE_FAMILY = "1,2,7";
				TEST_HOST = "$(BUILT_PRODUCTS_DIR)/CurrEx.app/$(BUNDLE_EXECUTABLE_FOLDER_PATH)/CurrEx";
				XROS_DEPLOYMENT_TARGET = 2.2;
			};
			name = Debug;
		};
		746254122D6FA6E800C6703F /* Release */ = {
			isa = XCBuildConfiguration;
			buildSettings = {
				BUNDLE_LOADER = "$(TEST_HOST)";
				CODE_SIGN_STYLE = Automatic;
				CURRENT_PROJECT_VERSION = 1;
				DEVELOPMENT_TEAM = B3NZ7PKKDU;
				GENERATE_INFOPLIST_FILE = YES;
				IPHONEOS_DEPLOYMENT_TARGET = 18.2;
				MACOSX_DEPLOYMENT_TARGET = 15.2;
				MARKETING_VERSION = 1.0;
				PRODUCT_BUNDLE_IDENTIFIER = mvadim.CurrExTests;
				PRODUCT_NAME = "$(TARGET_NAME)";
				SDKROOT = auto;
				SUPPORTED_PLATFORMS = "iphoneos iphonesimulator macosx xros xrsimulator";
				SWIFT_EMIT_LOC_STRINGS = NO;
				SWIFT_VERSION = 5.0;
				TARGETED_DEVICE_FAMILY = "1,2,7";
				TEST_HOST = "$(BUILT_PRODUCTS_DIR)/CurrEx.app/$(BUNDLE_EXECUTABLE_FOLDER_PATH)/CurrEx";
				XROS_DEPLOYMENT_TARGET = 2.2;
			};
			name = Release;
		};
		746254142D6FA6E800C6703F /* Debug */ = {
			isa = XCBuildConfiguration;
			buildSettings = {
				CODE_SIGN_STYLE = Automatic;
				CURRENT_PROJECT_VERSION = 1;
				DEVELOPMENT_TEAM = B3NZ7PKKDU;
				GENERATE_INFOPLIST_FILE = YES;
				IPHONEOS_DEPLOYMENT_TARGET = 18.2;
				MACOSX_DEPLOYMENT_TARGET = 15.2;
				MARKETING_VERSION = 1.0;
				PRODUCT_BUNDLE_IDENTIFIER = mvadim.CurrExUITests;
				PRODUCT_NAME = "$(TARGET_NAME)";
				SDKROOT = auto;
				SUPPORTED_PLATFORMS = "iphoneos iphonesimulator macosx xros xrsimulator";
				SWIFT_EMIT_LOC_STRINGS = NO;
				SWIFT_VERSION = 5.0;
				TARGETED_DEVICE_FAMILY = "1,2,7";
				TEST_TARGET_NAME = CurrEx;
				XROS_DEPLOYMENT_TARGET = 2.2;
			};
			name = Debug;
		};
		746254152D6FA6E800C6703F /* Release */ = {
			isa = XCBuildConfiguration;
			buildSettings = {
				CODE_SIGN_STYLE = Automatic;
				CURRENT_PROJECT_VERSION = 1;
				DEVELOPMENT_TEAM = B3NZ7PKKDU;
				GENERATE_INFOPLIST_FILE = YES;
				IPHONEOS_DEPLOYMENT_TARGET = 18.2;
				MACOSX_DEPLOYMENT_TARGET = 15.2;
				MARKETING_VERSION = 1.0;
				PRODUCT_BUNDLE_IDENTIFIER = mvadim.CurrExUITests;
				PRODUCT_NAME = "$(TARGET_NAME)";
				SDKROOT = auto;
				SUPPORTED_PLATFORMS = "iphoneos iphonesimulator macosx xros xrsimulator";
				SWIFT_EMIT_LOC_STRINGS = NO;
				SWIFT_VERSION = 5.0;
				TARGETED_DEVICE_FAMILY = "1,2,7";
				TEST_TARGET_NAME = CurrEx;
				XROS_DEPLOYMENT_TARGET = 2.2;
			};
			name = Release;
		};
/* End XCBuildConfiguration section */

/* Begin XCConfigurationList section */
		742F63752D79B3D000D9C3ED /* Build configuration list for PBXNativeTarget "CurrExWidgetsExtension" */ = {
			isa = XCConfigurationList;
			buildConfigurations = (
				742F63732D79B3D000D9C3ED /* Debug */,
				742F63742D79B3D000D9C3ED /* Release */,
			);
			defaultConfigurationIsVisible = 0;
			defaultConfigurationName = Release;
		};
		746253E32D6FA6E600C6703F /* Build configuration list for PBXProject "CurrEx" */ = {
			isa = XCConfigurationList;
			buildConfigurations = (
				7462540B2D6FA6E800C6703F /* Debug */,
				7462540C2D6FA6E800C6703F /* Release */,
			);
			defaultConfigurationIsVisible = 0;
			defaultConfigurationName = Release;
		};
		7462540D2D6FA6E800C6703F /* Build configuration list for PBXNativeTarget "CurrEx" */ = {
			isa = XCConfigurationList;
			buildConfigurations = (
				7462540E2D6FA6E800C6703F /* Debug */,
				7462540F2D6FA6E800C6703F /* Release */,
			);
			defaultConfigurationIsVisible = 0;
			defaultConfigurationName = Release;
		};
		746254102D6FA6E800C6703F /* Build configuration list for PBXNativeTarget "CurrExTests" */ = {
			isa = XCConfigurationList;
			buildConfigurations = (
				746254112D6FA6E800C6703F /* Debug */,
				746254122D6FA6E800C6703F /* Release */,
			);
			defaultConfigurationIsVisible = 0;
			defaultConfigurationName = Release;
		};
		746254132D6FA6E800C6703F /* Build configuration list for PBXNativeTarget "CurrExUITests" */ = {
			isa = XCConfigurationList;
			buildConfigurations = (
				746254142D6FA6E800C6703F /* Debug */,
				746254152D6FA6E800C6703F /* Release */,
			);
			defaultConfigurationIsVisible = 0;
			defaultConfigurationName = Release;
		};
/* End XCConfigurationList section */
	};
	rootObject = 746253E02D6FA6E600C6703F /* Project object */;
}
